
Microsoft Visual Studio Solution File, Format Version 12.00
# Visual Studio 14
VisualStudioVersion = 14.0.24720.0
MinimumVisualStudioVersion = 10.0.40219.1
Project("{FAE04EC0-301F-11D3-BF4B-00C04F79EFBC}") = "DatabaseManager", "DatabaseManager\DatabaseManager.csproj", "{3BC85DA9-F837-401A-8408-7E802007316E}"
EndProject
Project("{FAE04EC0-301F-11D3-BF4B-00C04F79EFBC}") = "DatabaseTools", "DatabaseTools\DatabaseTools.csproj", "{5C1E4BCE-BDF6-4F3B-8EA8-2A5E11D15252}"
EndProject
Global
	GlobalSection(SolutionConfigurationPlatforms) = preSolution
		Debug|Any CPU = Debug|Any CPU
		Release|Any CPU = Release|Any CPU
	EndGlobalSection
	GlobalSection(ProjectConfigurationPlatforms) = postSolution
		{3BC85DA9-F837-401A-8408-7E802007316E}.Debug|Any CPU.ActiveCfg = Debug|Any CPU
		{3BC85DA9-F837-401A-8408-7E802007316E}.Debug|Any CPU.Build.0 = Debug|Any CPU
		{3BC85DA9-F837-401A-8408-7E802007316E}.Release|Any CPU.ActiveCfg = Release|Any CPU
		{3BC85DA9-F837-401A-8408-7E802007316E}.Release|Any CPU.Build.0 = Release|Any CPU
		{5C1E4BCE-BDF6-4F3B-8EA8-2A5E11D15252}.Debug|Any CPU.ActiveCfg = Debug|Any CPU
		{5C1E4BCE-BDF6-4F3B-8EA8-2A5E11D15252}.Debug|Any CPU.Build.0 = Debug|Any CPU
		{5C1E4BCE-BDF6-4F3B-8EA8-2A5E11D15252}.Release|Any CPU.ActiveCfg = Release|Any CPU
		{5C1E4BCE-BDF6-4F3B-8EA8-2A5E11D15252}.Release|Any CPU.Build.0 = Release|Any CPU
	EndGlobalSection
	GlobalSection(SolutionProperties) = preSolution
		HideSolutionNode = FALSE
	EndGlobalSection
EndGlobal
